
Microsoft Visual Studio Solution File, Format Version 12.00
# Visual Studio Version 17
VisualStudioVersion = 17.14.37027.9 d17.14
MinimumVisualStudioVersion = 10.0.40219.1
Project("{FAE04EC0-301F-11D3-BF4B-00C04F79EFBC}") = "CmsFetchService", "CmsFetchService.csproj", "{6269C2FF-2B4C-420B-B9C0-D030F8DAF047}"
EndProject
Global
	GlobalSection(SolutionConfigurationPlatforms) = preSolution
		Debug|Any CPU = Debug|Any CPU
		Release|Any CPU = Release|Any CPU
	EndGlobalSection
	GlobalSection(ProjectConfigurationPlatforms) = postSolution
		{6269C2FF-2B4C-420B-B9C0-D030F8DAF047}.Debug|Any CPU.ActiveCfg = Debug|Any CPU
		{6269C2FF-2B4C-420B-B9C0-D030F8DAF047}.Debug|Any CPU.Build.0 = Debug|Any CPU
		{6269C2FF-2B4C-420B-B9C0-D030F8DAF047}.Release|Any CPU.ActiveCfg = Release|Any CPU
		{6269C2FF-2B4C-420B-B9C0-D030F8DAF047}.Release|Any CPU.Build.0 = Release|Any CPU
	EndGlobalSection
	GlobalSection(SolutionProperties) = preSolution
		HideSolutionNode = FALSE
	EndGlobalSection
	GlobalSection(ExtensibilityGlobals) = postSolution
		SolutionGuid = {A242EEB5-67C9-4C34-8160-948C1F98C8BC}
	EndGlobalSection
EndGlobal
