
Microsoft Visual Studio Solution File, Format Version 12.00
# Visual Studio Version 17
VisualStudioVersion = 17.14.37027.9
MinimumVisualStudioVersion = 10.0.40219.1
Project("{FAE04EC0-301F-11D3-BF4B-00C04F79EFBC}") = "CmsFetchService.API", "CmsFetchService.API\CmsFetchService.API.csproj", "{69420278-3C93-5C39-3E0C-C0B536D086C2}"
EndProject
Project("{FAE04EC0-301F-11D3-BF4B-00C04F79EFBC}") = "CmsFetchService.IntegrationTests", "CmsFetchService.IntregrationTests\CmsFetchService.IntegrationTests.csproj", "{7A6239CF-3373-A140-97E8-D0D4DEE9B4AF}"
EndProject
Global
	GlobalSection(SolutionConfigurationPlatforms) = preSolution
		Debug|Any CPU = Debug|Any CPU
		Release|Any CPU = Release|Any CPU
	EndGlobalSection
	GlobalSection(ProjectConfigurationPlatforms) = postSolution
		{69420278-3C93-5C39-3E0C-C0B536D086C2}.Debug|Any CPU.ActiveCfg = Debug|Any CPU
		{69420278-3C93-5C39-3E0C-C0B536D086C2}.Debug|Any CPU.Build.0 = Debug|Any CPU
		{69420278-3C93-5C39-3E0C-C0B536D086C2}.Release|Any CPU.ActiveCfg = Release|Any CPU
		{69420278-3C93-5C39-3E0C-C0B536D086C2}.Release|Any CPU.Build.0 = Release|Any CPU
		{7A6239CF-3373-A140-97E8-D0D4DEE9B4AF}.Debug|Any CPU.ActiveCfg = Debug|Any CPU
		{7A6239CF-3373-A140-97E8-D0D4DEE9B4AF}.Debug|Any CPU.Build.0 = Debug|Any CPU
		{7A6239CF-3373-A140-97E8-D0D4DEE9B4AF}.Release|Any CPU.ActiveCfg = Release|Any CPU
		{7A6239CF-3373-A140-97E8-D0D4DEE9B4AF}.Release|Any CPU.Build.0 = Release|Any CPU
	EndGlobalSection
	GlobalSection(SolutionProperties) = preSolution
		HideSolutionNode = FALSE
	EndGlobalSection
	GlobalSection(ExtensibilityGlobals) = postSolution
		SolutionGuid = {A242EEB5-67C9-4C34-8160-948C1F98C8BC}
	EndGlobalSection
EndGlobal
